<Solution>
  <Project Path="Loom.Analyzer/Loom.Analyzer.csproj" Id="68bd67b2-4319-4aa5-9caa-07cc9737ab1f" />
  <Project Path="Loom.CLI/Loom.CLI.csproj" Id="f6b9f11f-342e-41c6-aecc-2de9b4c78d2f" />
  <Project Path="Loom.Common/Loom.Common.csproj" />
  <Project Path="Loom.LIR/Loom.LIR.csproj" Id="4b93f918-c573-4021-8900-f2d0a11e3ad0" />
  <Project Path="Loom.Parser/Loom.Parser.csproj" />
  <Project Path="Loom.Tests/Loom.Tests.csproj" />
</Solution>
